
Microsoft Visual Studio Solution File, Format Version 12.00
# Visual Studio Version 17
VisualStudioVersion = 17.1.32414.318
MinimumVisualStudioVersion = 10.0.40219.1
Project("{FAE04EC0-301F-11D3-BF4B-00C04F79EFBC}") = "MovieRecommender", "MovieRecommender\MovieRecommender.csproj", "{1F84BB0F-223B-4D3D-8B4F-BAA22D462659}"
EndProject
Global
	GlobalSection(SolutionConfigurationPlatforms) = preSolution
		Debug|Any CPU = Debug|Any CPU
		Release|Any CPU = Release|Any CPU
	EndGlobalSection
	GlobalSection(ProjectConfigurationPlatforms) = postSolution
		{1F84BB0F-223B-4D3D-8B4F-BAA22D462659}.Debug|Any CPU.ActiveCfg = Debug|Any CPU
		{1F84BB0F-223B-4D3D-8B4F-BAA22D462659}.Debug|Any CPU.Build.0 = Debug|Any CPU
		{1F84BB0F-223B-4D3D-8B4F-BAA22D462659}.Release|Any CPU.ActiveCfg = Release|Any CPU
		{1F84BB0F-223B-4D3D-8B4F-BAA22D462659}.Release|Any CPU.Build.0 = Release|Any CPU
	EndGlobalSection
	GlobalSection(SolutionProperties) = preSolution
		HideSolutionNode = FALSE
	EndGlobalSection
	GlobalSection(ExtensibilityGlobals) = postSolution
		SolutionGuid = {14058153-9F89-457F-82B5-4327ABA76E8A}
	EndGlobalSection
EndGlobal
